
Microsoft Visual Studio Solution File, Format Version 12.00
# Visual Studio Version 17
VisualStudioVersion = 17.14.36930.0 d17.14
MinimumVisualStudioVersion = 10.0.40219.1
Project("{FAE04EC0-301F-11D3-BF4B-00C04F79EFBC}") = "MultiDbMvcDemo", "MultiDbMvcDemo.csproj", "{696FB1FD-C762-40B0-9D57-73EB12757914}"
EndProject
Global
	GlobalSection(SolutionConfigurationPlatforms) = preSolution
		Debug|Any CPU = Debug|Any CPU
		Release|Any CPU = Release|Any CPU
	EndGlobalSection
	GlobalSection(ProjectConfigurationPlatforms) = postSolution
		{696FB1FD-C762-40B0-9D57-73EB12757914}.Debug|Any CPU.ActiveCfg = Debug|Any CPU
		{696FB1FD-C762-40B0-9D57-73EB12757914}.Debug|Any CPU.Build.0 = Debug|Any CPU
		{696FB1FD-C762-40B0-9D57-73EB12757914}.Release|Any CPU.ActiveCfg = Release|Any CPU
		{696FB1FD-C762-40B0-9D57-73EB12757914}.Release|Any CPU.Build.0 = Release|Any CPU
	EndGlobalSection
	GlobalSection(SolutionProperties) = preSolution
		HideSolutionNode = FALSE
	EndGlobalSection
	GlobalSection(ExtensibilityGlobals) = postSolution
		SolutionGuid = {E8AA2697-572D-44BC-8012-4083A27C63E6}
	EndGlobalSection
EndGlobal
